// !$*UTF8*$!
{
	archiveVersion = 1;
	classes = {
	};
	objectVersion = 46;
	objects = {

/* Begin PBXBuildFile section */
		4162613215BC9B25008D4A9E /* UIKit.framework in Frameworks */ = {isa = PBXBuildFile; fileRef = 4162613115BC9B25008D4A9E /* UIKit.framework */; };
		4162613415BC9B25008D4A9E /* Foundation.framework in Frameworks */ = {isa = PBXBuildFile; fileRef = 4162613315BC9B25008D4A9E /* Foundation.framework */; };
		4162613615BC9B25008D4A9E /* CoreGraphics.framework in Frameworks */ = {isa = PBXBuildFile; fileRef = 4162613515BC9B25008D4A9E /* CoreGraphics.framework */; };
		4162613C15BC9B25008D4A9E /* InfoPlist.strings in Resources */ = {isa = PBXBuildFile; fileRef = 4162613A15BC9B25008D4A9E /* InfoPlist.strings */; };
		4162613E15BC9B25008D4A9E /* main.m in Sources */ = {isa = PBXBuildFile; fileRef = 4162613D15BC9B25008D4A9E /* main.m */; };
		4162614215BC9B25008D4A9E /* AppDelegate.m in Sources */ = {isa = PBXBuildFile; fileRef = 4162614115BC9B25008D4A9E /* AppDelegate.m */; };
		4162614515BC9B25008D4A9E /* MainStoryboard_iPhone.storyboard in Resources */ = {isa = PBXBuildFile; fileRef = 4162614315BC9B25008D4A9E /* MainStoryboard_iPhone.storyboard */; };
		4162614815BC9B25008D4A9E /* MainStoryboard_iPad.storyboard in Resources */ = {isa = PBXBuildFile; fileRef = 4162614615BC9B25008D4A9E /* MainStoryboard_iPad.storyboard */; };
		4162614B15BC9B25008D4A9E /* ViewController.m in Sources */ = {isa = PBXBuildFile; fileRef = 4162614A15BC9B25008D4A9E /* ViewController.m */; };
		4162615315BC9B26008D4A9E /* SenTestingKit.framework in Frameworks */ = {isa = PBXBuildFile; fileRef = 4162615215BC9B26008D4A9E /* SenTestingKit.framework */; };
		4162615415BC9B26008D4A9E /* UIKit.framework in Frameworks */ = {isa = PBXBuildFile; fileRef = 4162613115BC9B25008D4A9E /* UIKit.framework */; };
		4162615515BC9B26008D4A9E /* Foundation.framework in Frameworks */ = {isa = PBXBuildFile; fileRef = 4162613315BC9B25008D4A9E /* Foundation.framework */; };
		4162615D15BC9B26008D4A9E /* InfoPlist.strings in Resources */ = {isa = PBXBuildFile; fileRef = 4162615B15BC9B26008D4A9E /* InfoPlist.strings */; };
		4162616015BC9B26008D4A9E /* Swing_MirrorTests.m in Sources */ = {isa = PBXBuildFile; fileRef = 4162615F15BC9B26008D4A9E /* Swing_MirrorTests.m */; };
/* End PBXBuildFile section */

/* Begin PBXContainerItemProxy section */
		4162615615BC9B26008D4A9E /* PBXContainerItemProxy */ = {
			isa = PBXContainerItemProxy;
			containerPortal = 4162612415BC9B25008D4A9E /* Project object */;
			proxyType = 1;
			remoteGlobalIDString = 4162612C15BC9B25008D4A9E;
			remoteInfo = "Swing Mirror";
		};
/* End PBXContainerItemProxy section */

/* Begin PBXFileReference section */
		4162612D15BC9B25008D4A9E /* Swing Mirror.app */ = {isa = PBXFileReference; explicitFileType = wrapper.application; includeInIndex = 0; path = "Swing Mirror.app"; sourceTree = BUILT_PRODUCTS_DIR; };
		4162613115BC9B25008D4A9E /* UIKit.framework */ = {isa = PBXFileReference; lastKnownFileType = wrapper.framework; name = UIKit.framework; path = System/Library/Frameworks/UIKit.framework; sourceTree = SDKROOT; };
		4162613315BC9B25008D4A9E /* Foundation.framework */ = {isa = PBXFileReference; lastKnownFileType = wrapper.framework; name = Foundation.framework; path = System/Library/Frameworks/Foundation.framework; sourceTree = SDKROOT; };
		4162613515BC9B25008D4A9E /* CoreGraphics.framework */ = {isa = PBXFileReference; lastKnownFileType = wrapper.framework; name = CoreGraphics.framework; path = System/Library/Frameworks/CoreGraphics.framework; sourceTree = SDKROOT; };
		4162613915BC9B25008D4A9E /* Swing Mirror-Info.plist */ = {isa = PBXFileReference; lastKnownFileType = text.plist.xml; path = "Swing Mirror-Info.plist"; sourceTree = "<group>"; };
		4162613B15BC9B25008D4A9E /* en */ = {isa = PBXFileReference; lastKnownFileType = text.plist.strings; name = en; path = en.lproj/InfoPlist.strings; sourceTree = "<group>"; };
		4162613D15BC9B25008D4A9E /* main.m */ = {isa = PBXFileReference; lastKnownFileType = sourcecode.c.objc; path = main.m; sourceTree = "<group>"; };
		4162613F15BC9B25008D4A9E /* Swing Mirror-Prefix.pch */ = {isa = PBXFileReference; lastKnownFileType = sourcecode.c.h; path = "Swing Mirror-Prefix.pch"; sourceTree = "<group>"; };
		4162614015BC9B25008D4A9E /* AppDelegate.h */ = {isa = PBXFileReference; lastKnownFileType = sourcecode.c.h; path = AppDelegate.h; sourceTree = "<group>"; };
		4162614115BC9B25008D4A9E /* AppDelegate.m */ = {isa = PBXFileReference; lastKnownFileType = sourcecode.c.objc; path = AppDelegate.m; sourceTree = "<group>"; };
		4162614415BC9B25008D4A9E /* en */ = {isa = PBXFileReference; lastKnownFileType = file.storyboard; name = en; path = en.lproj/MainStoryboard_iPhone.storyboard; sourceTree = "<group>"; };
		4162614715BC9B25008D4A9E /* en */ = {isa = PBXFileReference; lastKnownFileType = file.storyboard; name = en; path = en.lproj/MainStoryboard_iPad.storyboard; sourceTree = "<group>"; };
		4162614915BC9B25008D4A9E /* ViewController.h */ = {isa = PBXFileReference; lastKnownFileType = sourcecode.c.h; path = ViewController.h; sourceTree = "<group>"; };
		4162614A15BC9B25008D4A9E /* ViewController.m */ = {isa = PBXFileReference; lastKnownFileType = sourcecode.c.objc; path = ViewController.m; sourceTree = "<group>"; };
		4162615115BC9B26008D4A9E /* Swing MirrorTests.octest */ = {isa = PBXFileReference; explicitFileType = wrapper.cfbundle; includeInIndex = 0; path = "Swing MirrorTests.octest"; sourceTree = BUILT_PRODUCTS_DIR; };
		4162615215BC9B26008D4A9E /* SenTestingKit.framework */ = {isa = PBXFileReference; lastKnownFileType = wrapper.framework; name = SenTestingKit.framework; path = Library/Frameworks/SenTestingKit.framework; sourceTree = DEVELOPER_DIR; };
		4162615A15BC9B26008D4A9E /* Swing MirrorTests-Info.plist */ = {isa = PBXFileReference; lastKnownFileType = text.plist.xml; path = "Swing MirrorTests-Info.plist"; sourceTree = "<group>"; };
		4162615C15BC9B26008D4A9E /* en */ = {isa = PBXFileReference; lastKnownFileType = text.plist.strings; name = en; path = en.lproj/InfoPlist.strings; sourceTree = "<group>"; };
		4162615E15BC9B26008D4A9E /* Swing_MirrorTests.h */ = {isa = PBXFileReference; lastKnownFileType = sourcecode.c.h; path = Swing_MirrorTests.h; sourceTree = "<group>"; };
		4162615F15BC9B26008D4A9E /* Swing_MirrorTests.m */ = {isa = PBXFileReference; lastKnownFileType = sourcecode.c.objc; path = Swing_MirrorTests.m; sourceTree = "<group>"; };
/* End PBXFileReference section */

/* Begin PBXFrameworksBuildPhase section */
		4162612A15BC9B25008D4A9E /* Frameworks */ = {
			isa = PBXFrameworksBuildPhase;
			buildActionMask = 2147483647;
			files = (
				4162613215BC9B25008D4A9E /* UIKit.framework in Frameworks */,
				4162613415BC9B25008D4A9E /* Foundation.framework in Frameworks */,
				4162613615BC9B25008D4A9E /* CoreGraphics.framework in Frameworks */,
			);
			runOnlyForDeploymentPostprocessing = 0;
		};
		4162614D15BC9B26008D4A9E /* Frameworks */ = {
			isa = PBXFrameworksBuildPhase;
			buildActionMask = 2147483647;
			files = (
				4162615315BC9B26008D4A9E /* SenTestingKit.framework in Frameworks */,
				4162615415BC9B26008D4A9E /* UIKit.framework in Frameworks */,
				4162615515BC9B26008D4A9E /* Foundation.framework in Frameworks */,
			);
			runOnlyForDeploymentPostprocessing = 0;
		};
/* End PBXFrameworksBuildPhase section */

/* Begin PBXGroup section */
		4162612215BC9B25008D4A9E = {
			isa = PBXGroup;
			children = (
				4162613715BC9B25008D4A9E /* Swing Mirror */,
				4162615815BC9B26008D4A9E /* Swing MirrorTests */,
				4162613015BC9B25008D4A9E /* Frameworks */,
				4162612E15BC9B25008D4A9E /* Products */,
			);
			sourceTree = "<group>";
		};
		4162612E15BC9B25008D4A9E /* Products */ = {
			isa = PBXGroup;
			children = (
				4162612D15BC9B25008D4A9E /* Swing Mirror.app */,
				4162615115BC9B26008D4A9E /* Swing MirrorTests.octest */,
			);
			name = Products;
			sourceTree = "<group>";
		};
		4162613015BC9B25008D4A9E /* Frameworks */ = {
			isa = PBXGroup;
			children = (
				4162613115BC9B25008D4A9E /* UIKit.framework */,
				4162613315BC9B25008D4A9E /* Foundation.framework */,
				4162613515BC9B25008D4A9E /* CoreGraphics.framework */,
				4162615215BC9B26008D4A9E /* SenTestingKit.framework */,
			);
			name = Frameworks;
			sourceTree = "<group>";
		};
		4162613715BC9B25008D4A9E /* Swing Mirror */ = {
			isa = PBXGroup;
			children = (
				4162614015BC9B25008D4A9E /* AppDelegate.h */,
				4162614115BC9B25008D4A9E /* AppDelegate.m */,
				4162614315BC9B25008D4A9E /* MainStoryboard_iPhone.storyboard */,
				4162614615BC9B25008D4A9E /* MainStoryboard_iPad.storyboard */,
				4162614915BC9B25008D4A9E /* ViewController.h */,
				4162614A15BC9B25008D4A9E /* ViewController.m */,
				4162613815BC9B25008D4A9E /* Supporting Files */,
			);
			path = "Swing Mirror";
			sourceTree = "<group>";
		};
		4162613815BC9B25008D4A9E /* Supporting Files */ = {
			isa = PBXGroup;
			children = (
				4162613915BC9B25008D4A9E /* Swing Mirror-Info.plist */,
				4162613A15BC9B25008D4A9E /* InfoPlist.strings */,
				4162613D15BC9B25008D4A9E /* main.m */,
				4162613F15BC9B25008D4A9E /* Swing Mirror-Prefix.pch */,
			);
			name = "Supporting Files";
			sourceTree = "<group>";
		};
		4162615815BC9B26008D4A9E /* Swing MirrorTests */ = {
			isa = PBXGroup;
			children = (
				4162615E15BC9B26008D4A9E /* Swing_MirrorTests.h */,
				4162615F15BC9B26008D4A9E /* Swing_MirrorTests.m */,
				4162615915BC9B26008D4A9E /* Supporting Files */,
			);
			path = "Swing MirrorTests";
			sourceTree = "<group>";
		};
		4162615915BC9B26008D4A9E /* Supporting Files */ = {
			isa = PBXGroup;
			children = (
				4162615A15BC9B26008D4A9E /* Swing MirrorTests-Info.plist */,
				4162615B15BC9B26008D4A9E /* InfoPlist.strings */,
			);
			name = "Supporting Files";
			sourceTree = "<group>";
		};
/* End PBXGroup section */

/* Begin PBXNativeTarget section */
		4162612C15BC9B25008D4A9E /* Swing Mirror */ = {
			isa = PBXNativeTarget;
			buildConfigurationList = 4162616315BC9B26008D4A9E /* Build configuration list for PBXNativeTarget "Swing Mirror" */;
			buildPhases = (
				4162612915BC9B25008D4A9E /* Sources */,
				4162612A15BC9B25008D4A9E /* Frameworks */,
				4162612B15BC9B25008D4A9E /* Resources */,
			);
			buildRules = (
			);
			dependencies = (
			);
			name = "Swing Mirror";
			productName = "Swing Mirror";
			productReference = 4162612D15BC9B25008D4A9E /* Swing Mirror.app */;
			productType = "com.apple.product-type.application";
		};
		4162615015BC9B26008D4A9E /* Swing MirrorTests */ = {
			isa = PBXNativeTarget;
			buildConfigurationList = 4162616615BC9B26008D4A9E /* Build configuration list for PBXNativeTarget "Swing MirrorTests" */;
			buildPhases = (
				4162614C15BC9B26008D4A9E /* Sources */,
				4162614D15BC9B26008D4A9E /* Frameworks */,
				4162614E15BC9B26008D4A9E /* Resources */,
				4162614F15BC9B26008D4A9E /* ShellScript */,
			);
			buildRules = (
			);
			dependencies = (
				4162615715BC9B26008D4A9E /* PBXTargetDependency */,
			);
			name = "Swing MirrorTests";
			productName = "Swing MirrorTests";
			productReference = 4162615115BC9B26008D4A9E /* Swing MirrorTests.octest */;
			productType = "com.apple.product-type.bundle";
		};
/* End PBXNativeTarget section */

/* Begin PBXProject section */
		4162612415BC9B25008D4A9E /* Project object */ = {
			isa = PBXProject;
			attributes = {
				LastUpgradeCheck = 0450;
				ORGANIZATIONNAME = "Fickle Mills";
			};
			buildConfigurationList = 4162612715BC9B25008D4A9E /* Build configuration list for PBXProject "Swing Mirror" */;
			compatibilityVersion = "Xcode 3.2";
			developmentRegion = English;
			hasScannedForEncodings = 0;
			knownRegions = (
				en,
			);
			mainGroup = 4162612215BC9B25008D4A9E;
			productRefGroup = 4162612E15BC9B25008D4A9E /* Products */;
			projectDirPath = "";
			projectRoot = "";
			targets = (
				4162612C15BC9B25008D4A9E /* Swing Mirror */,
				4162615015BC9B26008D4A9E /* Swing MirrorTests */,
			);
		};
/* End PBXProject section */

/* Begin PBXResourcesBuildPhase section */
		4162612B15BC9B25008D4A9E /* Resources */ = {
			isa = PBXResourcesBuildPhase;
			buildActionMask = 2147483647;
			files = (
				4162613C15BC9B25008D4A9E /* InfoPlist.strings in Resources */,
				4162614515BC9B25008D4A9E /* MainStoryboard_iPhone.storyboard in Resources */,
				4162614815BC9B25008D4A9E /* MainStoryboard_iPad.storyboard in Resources */,
			);
			runOnlyForDeploymentPostprocessing = 0;
		};
		4162614E15BC9B26008D4A9E /* Resources */ = {
			isa = PBXResourcesBuildPhase;
			buildActionMask = 2147483647;
			files = (
				4162615D15BC9B26008D4A9E /* InfoPlist.strings in Resources */,
			);
			runOnlyForDeploymentPostprocessing = 0;
		};
/* End PBXResourcesBuildPhase section */

/* Begin PBXShellScriptBuildPhase section */
		4162614F15BC9B26008D4A9E /* ShellScript */ = {
			isa = PBXShellScriptBuildPhase;
			buildActionMask = 2147483647;
			files = (
			);
			inputPaths = (
			);
			outputPaths = (
			);
			runOnlyForDeploymentPostprocessing = 0;
			shellPath = /bin/sh;
			shellScript = "# Run the unit tests in this test bundle.\n\"${SYSTEM_DEVELOPER_DIR}/Tools/RunUnitTests\"\n";
		};
/* End PBXShellScriptBuildPhase section */

/* Begin PBXSourcesBuildPhase section */
		4162612915BC9B25008D4A9E /* Sources */ = {
			isa = PBXSourcesBuildPhase;
			buildActionMask = 2147483647;
			files = (
				4162613E15BC9B25008D4A9E /* main.m in Sources */,
				4162614215BC9B25008D4A9E /* AppDelegate.m in Sources */,
				4162614B15BC9B25008D4A9E /* ViewController.m in Sources */,
			);
			runOnlyForDeploymentPostprocessing = 0;
		};
		4162614C15BC9B26008D4A9E /* Sources */ = {
			isa = PBXSourcesBuildPhase;
			buildActionMask = 2147483647;
			files = (
				4162616015BC9B26008D4A9E /* Swing_MirrorTests.m in Sources */,
			);
			runOnlyForDeploymentPostprocessing = 0;
		};
/* End PBXSourcesBuildPhase section */

/* Begin PBXTargetDependency section */
		4162615715BC9B26008D4A9E /* PBXTargetDependency */ = {
			isa = PBXTargetDependency;
			target = 4162612C15BC9B25008D4A9E /* Swing Mirror */;
			targetProxy = 4162615615BC9B26008D4A9E /* PBXContainerItemProxy */;
		};
/* End PBXTargetDependency section */

/* Begin PBXVariantGroup section */
		4162613A15BC9B25008D4A9E /* InfoPlist.strings */ = {
			isa = PBXVariantGroup;
			children = (
				4162613B15BC9B25008D4A9E /* en */,
			);
			name = InfoPlist.strings;
			sourceTree = "<group>";
		};
		4162614315BC9B25008D4A9E /* MainStoryboard_iPhone.storyboard */ = {
			isa = PBXVariantGroup;
			children = (
				4162614415BC9B25008D4A9E /* en */,
			);
			name = MainStoryboard_iPhone.storyboard;
			sourceTree = "<group>";
		};
		4162614615BC9B25008D4A9E /* MainStoryboard_iPad.storyboard */ = {
			isa = PBXVariantGroup;
			children = (
				4162614715BC9B25008D4A9E /* en */,
			);
			name = MainStoryboard_iPad.storyboard;
			sourceTree = "<group>";
		};
		4162615B15BC9B26008D4A9E /* InfoPlist.strings */ = {
			isa = PBXVariantGroup;
			children = (
				4162615C15BC9B26008D4A9E /* en */,
			);
			name = InfoPlist.strings;
			sourceTree = "<group>";
		};
/* End PBXVariantGroup section */

/* Begin XCBuildConfiguration section */
		4162616115BC9B26008D4A9E /* Debug */ = {
			isa = XCBuildConfiguration;
			buildSettings = {
				ALWAYS_SEARCH_USER_PATHS = NO;
				CLANG_CXX_LANGUAGE_STANDARD = "gnu++0x";
				CLANG_ENABLE_OBJC_ARC = YES;
				CLANG_WARN__DUPLICATE_METHOD_MATCH = YES;
				"CODE_SIGN_IDENTITY[sdk=iphoneos*]" = "iPhone Developer";
				COPY_PHASE_STRIP = NO;
				GCC_C_LANGUAGE_STANDARD = gnu99;
				GCC_DYNAMIC_NO_PIC = NO;
				GCC_OPTIMIZATION_LEVEL = 0;
				GCC_PREPROCESSOR_DEFINITIONS = (
					"DEBUG=1",
					"$(inherited)",
				);
				GCC_SYMBOLS_PRIVATE_EXTERN = NO;
				GCC_WARN_ABOUT_RETURN_TYPE = YES;
				GCC_WARN_UNINITIALIZED_AUTOS = YES;
				GCC_WARN_UNUSED_VARIABLE = YES;
				IPHONEOS_DEPLOYMENT_TARGET = 6.0;
				SDKROOT = iphoneos;
				TARGETED_DEVICE_FAMILY = "1,2";
			};
			name = Debug;
		};
		4162616215BC9B26008D4A9E /* Release */ = {
			isa = XCBuildConfiguration;
			buildSettings = {
				ALWAYS_SEARCH_USER_PATHS = NO;
				CLANG_CXX_LANGUAGE_STANDARD = "gnu++0x";
				CLANG_ENABLE_OBJC_ARC = YES;
				CLANG_WARN__DUPLICATE_METHOD_MATCH = YES;
				"CODE_SIGN_IDENTITY[sdk=iphoneos*]" = "iPhone Developer";
				COPY_PHASE_STRIP = YES;
				GCC_C_LANGUAGE_STANDARD = gnu99;
				GCC_WARN_ABOUT_RETURN_TYPE = YES;
				GCC_WARN_UNINITIALIZED_AUTOS = YES;
				GCC_WARN_UNUSED_VARIABLE = YES;
				IPHONEOS_DEPLOYMENT_TARGET = 6.0;
				OTHER_CFLAGS = "-DNS_BLOCK_ASSERTIONS=1";
				SDKROOT = iphoneos;
				TARGETED_DEVICE_FAMILY = "1,2";
				VALIDATE_PRODUCT = YES;
			};
			name = Release;
		};
		4162616415BC9B26008D4A9E /* Debug */ = {
			isa = XCBuildConfiguration;
			buildSettings = {
				GCC_PRECOMPILE_PREFIX_HEADER = YES;
				GCC_PREFIX_HEADER = "Swing Mirror/Swing Mirror-Prefix.pch";
				INFOPLIST_FILE = "Swing Mirror/Swing Mirror-Info.plist";
				PRODUCT_NAME = "$(TARGET_NAME)";
				WRAPPER_EXTENSION = app;
			};
			name = Debug;
		};
		4162616515BC9B26008D4A9E /* Release */ = {
			isa = XCBuildConfiguration;
			buildSettings = {
				GCC_PRECOMPILE_PREFIX_HEADER = YES;
				GCC_PREFIX_HEADER = "Swing Mirror/Swing Mirror-Prefix.pch";
				INFOPLIST_FILE = "Swing Mirror/Swing Mirror-Info.plist";
				PRODUCT_NAME = "$(TARGET_NAME)";
				WRAPPER_EXTENSION = app;
			};
			name = Release;
		};
		4162616715BC9B26008D4A9E /* Debug */ = {
			isa = XCBuildConfiguration;
			buildSettings = {
				BUNDLE_LOADER = "$(BUILT_PRODUCTS_DIR)/Swing Mirror.app/Swing Mirror";
				FRAMEWORK_SEARCH_PATHS = (
					"\"$(SDKROOT)/Developer/Library/Frameworks\"",
					"\"$(DEVELOPER_LIBRARY_DIR)/Frameworks\"",
				);
				GCC_PRECOMPILE_PREFIX_HEADER = YES;
				GCC_PREFIX_HEADER = "Swing Mirror/Swing Mirror-Prefix.pch";
				INFOPLIST_FILE = "Swing MirrorTests/Swing MirrorTests-Info.plist";
				PRODUCT_NAME = "$(TARGET_NAME)";
				TEST_HOST = "$(BUNDLE_LOADER)";
				WRAPPER_EXTENSION = octest;
			};
			name = Debug;
		};
		4162616815BC9B26008D4A9E /* Release */ = {
			isa = XCBuildConfiguration;
			buildSettings = {
				BUNDLE_LOADER = "$(BUILT_PRODUCTS_DIR)/Swing Mirror.app/Swing Mirror";
				FRAMEWORK_SEARCH_PATHS = (
					"\"$(SDKROOT)/Developer/Library/Frameworks\"",
					"\"$(DEVELOPER_LIBRARY_DIR)/Frameworks\"",
				);
				GCC_PRECOMPILE_PREFIX_HEADER = YES;
				GCC_PREFIX_HEADER = "Swing Mirror/Swing Mirror-Prefix.pch";
				INFOPLIST_FILE = "Swing MirrorTests/Swing MirrorTests-Info.plist";
				PRODUCT_NAME = "$(TARGET_NAME)";
				TEST_HOST = "$(BUNDLE_LOADER)";
				WRAPPER_EXTENSION = octest;
			};
			name = Release;
		};
/* End XCBuildConfiguration section */

/* Begin XCConfigurationList section */
		4162612715BC9B25008D4A9E /* Build configuration list for PBXProject "Swing Mirror" */ = {
			isa = XCConfigurationList;
			buildConfigurations = (
				4162616115BC9B26008D4A9E /* Debug */,
				4162616215BC9B26008D4A9E /* Release */,
			);
			defaultConfigurationIsVisible = 0;
			defaultConfigurationName = Release;
		};
		4162616315BC9B26008D4A9E /* Build configuration list for PBXNativeTarget "Swing Mirror" */ = {
			isa = XCConfigurationList;
			buildConfigurations = (
				4162616415BC9B26008D4A9E /* Debug */,
				4162616515BC9B26008D4A9E /* Release */,
			);
			defaultConfigurationIsVisible = 0;
		};
		4162616615BC9B26008D4A9E /* Build configuration list for PBXNativeTarget "Swing MirrorTests" */ = {
			isa = XCConfigurationList;
			buildConfigurations = (
				4162616715BC9B26008D4A9E /* Debug */,
				4162616815BC9B26008D4A9E /* Release */,
			);
			defaultConfigurationIsVisible = 0;
		};
/* End XCConfigurationList section */
	};
	rootObject = 4162612415BC9B25008D4A9E /* Project object */;
}
